// !$*UTF8*$!
{
	archiveVersion = 1;
	classes = {
	};
	objectVersion = 53;
	objects = {

/* Begin PBXBuildFile section */
		831DA024295C9ABD007CDD66 /* GoogleService-Info.plist in Resources */ = {isa = PBXBuildFile; fileRef = 831DA023295C9ABD007CDD66 /* GoogleService-Info.plist */; };
		831DA027295C9C7E007CDD66 /* FirebaseAuth in Frameworks */ = {isa = PBXBuildFile; productRef = 831DA026295C9C7E007CDD66 /* FirebaseAuth */; };
		8329560329328A5F00C784C5 /* UIViewControllerExtension.swift in Sources */ = {isa = PBXBuildFile; fileRef = 8329560229328A5F00C784C5 /* UIViewControllerExtension.swift */; };
		834A6224293E79DB00DFE84F /* Settings.storyboard in Resources */ = {isa = PBXBuildFile; fileRef = 834A6223293E79DB00DFE84F /* Settings.storyboard */; };
		834A6226293E7C1100DFE84F /* SettingsViewController.swift in Sources */ = {isa = PBXBuildFile; fileRef = 834A6225293E7C1100DFE84F /* SettingsViewController.swift */; };
		838C329E293294BE0021428A /* Login.storyboard in Resources */ = {isa = PBXBuildFile; fileRef = 838C329D293294BE0021428A /* Login.storyboard */; };
		838C32A02932969B0021428A /* LoginViewController.swift in Sources */ = {isa = PBXBuildFile; fileRef = 838C329F2932969B0021428A /* LoginViewController.swift */; };
		839FF4B3295B4A820049924F /* TaskModel.swift in Sources */ = {isa = PBXBuildFile; fileRef = 839FF4B2295B4A820049924F /* TaskModel.swift */; };
		83C718132925398800CAC4C5 /* ListOfTasks.storyboard in Resources */ = {isa = PBXBuildFile; fileRef = 83C718122925398800CAC4C5 /* ListOfTasks.storyboard */; };
		83C71815292539E200CAC4C5 /* Task.swift in Sources */ = {isa = PBXBuildFile; fileRef = 83C71814292539E200CAC4C5 /* Task.swift */; };
		83C7181729253AF000CAC4C5 /* TaskCell.swift in Sources */ = {isa = PBXBuildFile; fileRef = 83C7181629253AF000CAC4C5 /* TaskCell.swift */; };
		83C8234029088FA4000393B0 /* MainViewController.swift in Sources */ = {isa = PBXBuildFile; fileRef = 83C8233F29088FA4000393B0 /* MainViewController.swift */; };
		83CC6359291327B700F7CA96 /* Button.swift in Sources */ = {isa = PBXBuildFile; fileRef = 83CC6358291327B700F7CA96 /* Button.swift */; };
		83CC635B2913299C00F7CA96 /* ButtonCell.swift in Sources */ = {isa = PBXBuildFile; fileRef = 83CC635A2913299C00F7CA96 /* ButtonCell.swift */; };
		83CE13E82928D18C00408EF1 /* TasksViewController.swift in Sources */ = {isa = PBXBuildFile; fileRef = 83CE13E72928D18C00408EF1 /* TasksViewController.swift */; };
		83CE9A612910652B00B95815 /* TextFieldWithLabel.swift in Sources */ = {isa = PBXBuildFile; fileRef = 83CE9A602910652B00B95815 /* TextFieldWithLabel.swift */; };
		83CE9A63291065E100B95815 /* TextFieldWithLabelCell.swift in Sources */ = {isa = PBXBuildFile; fileRef = 83CE9A62291065E100B95815 /* TextFieldWithLabelCell.swift */; };
		83CE9A652910684700B95815 /* RegisterViewController.swift in Sources */ = {isa = PBXBuildFile; fileRef = 83CE9A642910684700B95815 /* RegisterViewController.swift */; };
		83D76AB028FEC250000CEBE2 /* AppDelegate.swift in Sources */ = {isa = PBXBuildFile; fileRef = 83D76AAF28FEC250000CEBE2 /* AppDelegate.swift */; };
		83D76AB228FEC250000CEBE2 /* SceneDelegate.swift in Sources */ = {isa = PBXBuildFile; fileRef = 83D76AB128FEC250000CEBE2 /* SceneDelegate.swift */; };
		83D76AB428FEC250000CEBE2 /* ViewController.swift in Sources */ = {isa = PBXBuildFile; fileRef = 83D76AB328FEC250000CEBE2 /* ViewController.swift */; };
		83D76AB728FEC250000CEBE2 /* Main.storyboard in Resources */ = {isa = PBXBuildFile; fileRef = 83D76AB528FEC250000CEBE2 /* Main.storyboard */; };
		83D76ABA28FEC250000CEBE2 /* ToBeDone.xcdatamodeld in Sources */ = {isa = PBXBuildFile; fileRef = 83D76AB828FEC250000CEBE2 /* ToBeDone.xcdatamodeld */; };
		83D76ABC28FEC251000CEBE2 /* Assets.xcassets in Resources */ = {isa = PBXBuildFile; fileRef = 83D76ABB28FEC251000CEBE2 /* Assets.xcassets */; };
		83D76ABF28FEC251000CEBE2 /* LaunchScreen.storyboard in Resources */ = {isa = PBXBuildFile; fileRef = 83D76ABD28FEC251000CEBE2 /* LaunchScreen.storyboard */; };
		83D76ACA28FEC251000CEBE2 /* ToBeDoneTests.swift in Sources */ = {isa = PBXBuildFile; fileRef = 83D76AC928FEC251000CEBE2 /* ToBeDoneTests.swift */; };
		83D76AD428FEC251000CEBE2 /* ToBeDoneUITests.swift in Sources */ = {isa = PBXBuildFile; fileRef = 83D76AD328FEC251000CEBE2 /* ToBeDoneUITests.swift */; };
		83D76AD628FEC251000CEBE2 /* ToBeDoneUITestsLaunchTests.swift in Sources */ = {isa = PBXBuildFile; fileRef = 83D76AD528FEC251000CEBE2 /* ToBeDoneUITestsLaunchTests.swift */; };
		83E39B78295A400C0078F50E /* NetworkManager.swift in Sources */ = {isa = PBXBuildFile; fileRef = 83E39B77295A400C0078F50E /* NetworkManager.swift */; };
		83E39B7A295A40400078F50E /* UserModel.swift in Sources */ = {isa = PBXBuildFile; fileRef = 83E39B79295A40400078F50E /* UserModel.swift */; };
		83EA6F6C2958801800BF30B2 /* AddTask.storyboard in Resources */ = {isa = PBXBuildFile; fileRef = 83EA6F6B2958801800BF30B2 /* AddTask.storyboard */; };
		83EA6F6E2958813B00BF30B2 /* AddTaskViewController.swift in Sources */ = {isa = PBXBuildFile; fileRef = 83EA6F6D2958813B00BF30B2 /* AddTaskViewController.swift */; };
		83F7587529101C1C000C96DD /* Register.storyboard in Resources */ = {isa = PBXBuildFile; fileRef = 83F7587429101C1C000C96DD /* Register.storyboard */; };
		9AB1F39129663044009F06BC /* Edit.storyboard in Resources */ = {isa = PBXBuildFile; fileRef = 9AB1F39029663044009F06BC /* Edit.storyboard */; };
		9AB1F39329663120009F06BC /* EditViewController.swift in Sources */ = {isa = PBXBuildFile; fileRef = 9AB1F39229663120009F06BC /* EditViewController.swift */; };
/* End PBXBuildFile section */

/* Begin PBXContainerItemProxy section */
		83D76AC628FEC251000CEBE2 /* PBXContainerItemProxy */ = {
			isa = PBXContainerItemProxy;
			containerPortal = 83D76AA428FEC250000CEBE2 /* Project object */;
			proxyType = 1;
			remoteGlobalIDString = 83D76AAB28FEC250000CEBE2;
			remoteInfo = ToBeDone;
		};
		83D76AD028FEC251000CEBE2 /* PBXContainerItemProxy */ = {
			isa = PBXContainerItemProxy;
			containerPortal = 83D76AA428FEC250000CEBE2 /* Project object */;
			proxyType = 1;
			remoteGlobalIDString = 83D76AAB28FEC250000CEBE2;
			remoteInfo = ToBeDone;
		};
/* End PBXContainerItemProxy section */

/* Begin PBXFileReference section */
		831DA023295C9ABD007CDD66 /* GoogleService-Info.plist */ = {isa = PBXFileReference; fileEncoding = 4; lastKnownFileType = text.plist.xml; name = "GoogleService-Info.plist"; path = "../../../Desktop/GoogleService-Info.plist"; sourceTree = "<group>"; };
		8329560229328A5F00C784C5 /* UIViewControllerExtension.swift */ = {isa = PBXFileReference; lastKnownFileType = sourcecode.swift; path = UIViewControllerExtension.swift; sourceTree = "<group>"; };
		834A6223293E79DB00DFE84F /* Settings.storyboard */ = {isa = PBXFileReference; lastKnownFileType = file.storyboard; path = Settings.storyboard; sourceTree = "<group>"; };
		834A6225293E7C1100DFE84F /* SettingsViewController.swift */ = {isa = PBXFileReference; lastKnownFileType = sourcecode.swift; path = SettingsViewController.swift; sourceTree = "<group>"; };
		838C329D293294BE0021428A /* Login.storyboard */ = {isa = PBXFileReference; lastKnownFileType = file.storyboard; path = Login.storyboard; sourceTree = "<group>"; };
		838C329F2932969B0021428A /* LoginViewController.swift */ = {isa = PBXFileReference; lastKnownFileType = sourcecode.swift; path = LoginViewController.swift; sourceTree = "<group>"; };
		839FF4B2295B4A820049924F /* TaskModel.swift */ = {isa = PBXFileReference; lastKnownFileType = sourcecode.swift; path = TaskModel.swift; sourceTree = "<group>"; };
		83C718122925398800CAC4C5 /* ListOfTasks.storyboard */ = {isa = PBXFileReference; lastKnownFileType = file.storyboard; path = ListOfTasks.storyboard; sourceTree = "<group>"; };
		83C71814292539E200CAC4C5 /* Task.swift */ = {isa = PBXFileReference; lastKnownFileType = sourcecode.swift; path = Task.swift; sourceTree = "<group>"; };
		83C7181629253AF000CAC4C5 /* TaskCell.swift */ = {isa = PBXFileReference; lastKnownFileType = sourcecode.swift; path = TaskCell.swift; sourceTree = "<group>"; };
		83C8233F29088FA4000393B0 /* MainViewController.swift */ = {isa = PBXFileReference; lastKnownFileType = sourcecode.swift; path = MainViewController.swift; sourceTree = "<group>"; };
		83CC6358291327B700F7CA96 /* Button.swift */ = {isa = PBXFileReference; lastKnownFileType = sourcecode.swift; path = Button.swift; sourceTree = "<group>"; };
		83CC635A2913299C00F7CA96 /* ButtonCell.swift */ = {isa = PBXFileReference; lastKnownFileType = sourcecode.swift; path = ButtonCell.swift; sourceTree = "<group>"; };
		83CE13E72928D18C00408EF1 /* TasksViewController.swift */ = {isa = PBXFileReference; lastKnownFileType = sourcecode.swift; path = TasksViewController.swift; sourceTree = "<group>"; };
		83CE9A602910652B00B95815 /* TextFieldWithLabel.swift */ = {isa = PBXFileReference; lastKnownFileType = sourcecode.swift; path = TextFieldWithLabel.swift; sourceTree = "<group>"; };
		83CE9A62291065E100B95815 /* TextFieldWithLabelCell.swift */ = {isa = PBXFileReference; lastKnownFileType = sourcecode.swift; path = TextFieldWithLabelCell.swift; sourceTree = "<group>"; };
		83CE9A642910684700B95815 /* RegisterViewController.swift */ = {isa = PBXFileReference; lastKnownFileType = sourcecode.swift; path = RegisterViewController.swift; sourceTree = "<group>"; };
		83D76AAC28FEC250000CEBE2 /* ToBeDone.app */ = {isa = PBXFileReference; explicitFileType = wrapper.application; includeInIndex = 0; path = ToBeDone.app; sourceTree = BUILT_PRODUCTS_DIR; };
		83D76AAF28FEC250000CEBE2 /* AppDelegate.swift */ = {isa = PBXFileReference; lastKnownFileType = sourcecode.swift; path = AppDelegate.swift; sourceTree = "<group>"; };
		83D76AB128FEC250000CEBE2 /* SceneDelegate.swift */ = {isa = PBXFileReference; lastKnownFileType = sourcecode.swift; path = SceneDelegate.swift; sourceTree = "<group>"; };
		83D76AB328FEC250000CEBE2 /* ViewController.swift */ = {isa = PBXFileReference; lastKnownFileType = sourcecode.swift; path = ViewController.swift; sourceTree = "<group>"; };
		83D76AB628FEC250000CEBE2 /* Base */ = {isa = PBXFileReference; lastKnownFileType = file.storyboard; name = Base; path = Base.lproj/Main.storyboard; sourceTree = "<group>"; };
		83D76AB928FEC250000CEBE2 /* ToBeDone.xcdatamodel */ = {isa = PBXFileReference; lastKnownFileType = wrapper.xcdatamodel; path = ToBeDone.xcdatamodel; sourceTree = "<group>"; };
		83D76ABB28FEC251000CEBE2 /* Assets.xcassets */ = {isa = PBXFileReference; lastKnownFileType = folder.assetcatalog; path = Assets.xcassets; sourceTree = "<group>"; };
		83D76ABE28FEC251000CEBE2 /* Base */ = {isa = PBXFileReference; lastKnownFileType = file.storyboard; name = Base; path = Base.lproj/LaunchScreen.storyboard; sourceTree = "<group>"; };
		83D76AC028FEC251000CEBE2 /* Info.plist */ = {isa = PBXFileReference; lastKnownFileType = text.plist.xml; path = Info.plist; sourceTree = "<group>"; };
		83D76AC528FEC251000CEBE2 /* ToBeDoneTests.xctest */ = {isa = PBXFileReference; explicitFileType = wrapper.cfbundle; includeInIndex = 0; path = ToBeDoneTests.xctest; sourceTree = BUILT_PRODUCTS_DIR; };
		83D76AC928FEC251000CEBE2 /* ToBeDoneTests.swift */ = {isa = PBXFileReference; lastKnownFileType = sourcecode.swift; path = ToBeDoneTests.swift; sourceTree = "<group>"; };
		83D76ACF28FEC251000CEBE2 /* ToBeDoneUITests.xctest */ = {isa = PBXFileReference; explicitFileType = wrapper.cfbundle; includeInIndex = 0; path = ToBeDoneUITests.xctest; sourceTree = BUILT_PRODUCTS_DIR; };
		83D76AD328FEC251000CEBE2 /* ToBeDoneUITests.swift */ = {isa = PBXFileReference; lastKnownFileType = sourcecode.swift; path = ToBeDoneUITests.swift; sourceTree = "<group>"; };
		83D76AD528FEC251000CEBE2 /* ToBeDoneUITestsLaunchTests.swift */ = {isa = PBXFileReference; lastKnownFileType = sourcecode.swift; path = ToBeDoneUITestsLaunchTests.swift; sourceTree = "<group>"; };
		83E39B77295A400C0078F50E /* NetworkManager.swift */ = {isa = PBXFileReference; lastKnownFileType = sourcecode.swift; path = NetworkManager.swift; sourceTree = "<group>"; };
		83E39B79295A40400078F50E /* UserModel.swift */ = {isa = PBXFileReference; lastKnownFileType = sourcecode.swift; path = UserModel.swift; sourceTree = "<group>"; };
		83EA6F6B2958801800BF30B2 /* AddTask.storyboard */ = {isa = PBXFileReference; lastKnownFileType = file.storyboard; path = AddTask.storyboard; sourceTree = "<group>"; };
		83EA6F6D2958813B00BF30B2 /* AddTaskViewController.swift */ = {isa = PBXFileReference; lastKnownFileType = sourcecode.swift; path = AddTaskViewController.swift; sourceTree = "<group>"; };
		83F7587429101C1C000C96DD /* Register.storyboard */ = {isa = PBXFileReference; lastKnownFileType = file.storyboard; path = Register.storyboard; sourceTree = "<group>"; };
		9AB1F39029663044009F06BC /* Edit.storyboard */ = {isa = PBXFileReference; lastKnownFileType = file.storyboard; path = Edit.storyboard; sourceTree = "<group>"; };
		9AB1F39229663120009F06BC /* EditViewController.swift */ = {isa = PBXFileReference; lastKnownFileType = sourcecode.swift; path = EditViewController.swift; sourceTree = "<group>"; };
/* End PBXFileReference section */

/* Begin PBXFrameworksBuildPhase section */
		83D76AA928FEC250000CEBE2 /* Frameworks */ = {
			isa = PBXFrameworksBuildPhase;
			buildActionMask = 2147483647;
			files = (
				831DA027295C9C7E007CDD66 /* FirebaseAuth in Frameworks */,
			);
			runOnlyForDeploymentPostprocessing = 0;
		};
		83D76AC228FEC251000CEBE2 /* Frameworks */ = {
			isa = PBXFrameworksBuildPhase;
			buildActionMask = 2147483647;
			files = (
			);
			runOnlyForDeploymentPostprocessing = 0;
		};
		83D76ACC28FEC251000CEBE2 /* Frameworks */ = {
			isa = PBXFrameworksBuildPhase;
			buildActionMask = 2147483647;
			files = (
			);
			runOnlyForDeploymentPostprocessing = 0;
		};
/* End PBXFrameworksBuildPhase section */

/* Begin PBXGroup section */
		83D76AA328FEC250000CEBE2 = {
			isa = PBXGroup;
			children = (
				83D76AAE28FEC250000CEBE2 /* ToBeDone */,
				83D76AC828FEC251000CEBE2 /* ToBeDoneTests */,
				83D76AD228FEC251000CEBE2 /* ToBeDoneUITests */,
				83D76AAD28FEC250000CEBE2 /* Products */,
			);
			sourceTree = "<group>";
		};
		83D76AAD28FEC250000CEBE2 /* Products */ = {
			isa = PBXGroup;
			children = (
				83D76AAC28FEC250000CEBE2 /* ToBeDone.app */,
				83D76AC528FEC251000CEBE2 /* ToBeDoneTests.xctest */,
				83D76ACF28FEC251000CEBE2 /* ToBeDoneUITests.xctest */,
			);
			name = Products;
			sourceTree = "<group>";
		};
		83D76AAE28FEC250000CEBE2 /* ToBeDone */ = {
			isa = PBXGroup;
			children = (
				83E39B76295A3FD80078F50E /* Networking */,
				83C7181629253AF000CAC4C5 /* TaskCell.swift */,
				83D76AAF28FEC250000CEBE2 /* AppDelegate.swift */,
				9AB1F39229663120009F06BC /* EditViewController.swift */,
				83D76AB128FEC250000CEBE2 /* SceneDelegate.swift */,
				83D76AB328FEC250000CEBE2 /* ViewController.swift */,
				83C718122925398800CAC4C5 /* ListOfTasks.storyboard */,
				83C71814292539E200CAC4C5 /* Task.swift */,
				83D76AB528FEC250000CEBE2 /* Main.storyboard */,
				83C8233F29088FA4000393B0 /* MainViewController.swift */,
				8329560229328A5F00C784C5 /* UIViewControllerExtension.swift */,
				83CE9A602910652B00B95815 /* TextFieldWithLabel.swift */,
				83CE9A642910684700B95815 /* RegisterViewController.swift */,
				83CE13E72928D18C00408EF1 /* TasksViewController.swift */,
				834A6223293E79DB00DFE84F /* Settings.storyboard */,
				83EA6F6B2958801800BF30B2 /* AddTask.storyboard */,
				83EA6F6D2958813B00BF30B2 /* AddTaskViewController.swift */,
				834A6225293E7C1100DFE84F /* SettingsViewController.swift */,
				83CE9A62291065E100B95815 /* TextFieldWithLabelCell.swift */,
				83D76ABB28FEC251000CEBE2 /* Assets.xcassets */,
				83D76ABD28FEC251000CEBE2 /* LaunchScreen.storyboard */,
				83D76AC028FEC251000CEBE2 /* Info.plist */,
				83F7587429101C1C000C96DD /* Register.storyboard */,
				838C329D293294BE0021428A /* Login.storyboard */,
				838C329F2932969B0021428A /* LoginViewController.swift */,
				83CC6358291327B700F7CA96 /* Button.swift */,
				83CC635A2913299C00F7CA96 /* ButtonCell.swift */,
				83D76AB828FEC250000CEBE2 /* ToBeDone.xcdatamodeld */,
				831DA023295C9ABD007CDD66 /* GoogleService-Info.plist */,
				9AB1F39029663044009F06BC /* Edit.storyboard */,
			);
			path = ToBeDone;
			sourceTree = "<group>";
		};
		83D76AC828FEC251000CEBE2 /* ToBeDoneTests */ = {
			isa = PBXGroup;
			children = (
				83D76AC928FEC251000CEBE2 /* ToBeDoneTests.swift */,
			);
			path = ToBeDoneTests;
			sourceTree = "<group>";
		};
		83D76AD228FEC251000CEBE2 /* ToBeDoneUITests */ = {
			isa = PBXGroup;
			children = (
				83D76AD328FEC251000CEBE2 /* ToBeDoneUITests.swift */,
				83D76AD528FEC251000CEBE2 /* ToBeDoneUITestsLaunchTests.swift */,
			);
			path = ToBeDoneUITests;
			sourceTree = "<group>";
		};
		83E39B76295A3FD80078F50E /* Networking */ = {
			isa = PBXGroup;
			children = (
				83E39B77295A400C0078F50E /* NetworkManager.swift */,
				83E39B79295A40400078F50E /* UserModel.swift */,
				839FF4B2295B4A820049924F /* TaskModel.swift */,
			);
			path = Networking;
			sourceTree = "<group>";
		};
/* End PBXGroup section */

/* Begin PBXNativeTarget section */
		83D76AAB28FEC250000CEBE2 /* ToBeDone */ = {
			isa = PBXNativeTarget;
			buildConfigurationList = 83D76AD928FEC251000CEBE2 /* Build configuration list for PBXNativeTarget "ToBeDone" */;
			buildPhases = (
				83D76AA828FEC250000CEBE2 /* Sources */,
				83D76AA928FEC250000CEBE2 /* Frameworks */,
				83D76AAA28FEC250000CEBE2 /* Resources */,
			);
			buildRules = (
			);
			dependencies = (
			);
			name = ToBeDone;
			packageProductDependencies = (
				831DA026295C9C7E007CDD66 /* FirebaseAuth */,
			);
			productName = ToBeDone;
			productReference = 83D76AAC28FEC250000CEBE2 /* ToBeDone.app */;
			productType = "com.apple.product-type.application";
		};
		83D76AC428FEC251000CEBE2 /* ToBeDoneTests */ = {
			isa = PBXNativeTarget;
			buildConfigurationList = 83D76ADC28FEC251000CEBE2 /* Build configuration list for PBXNativeTarget "ToBeDoneTests" */;
			buildPhases = (
				83D76AC128FEC251000CEBE2 /* Sources */,
				83D76AC228FEC251000CEBE2 /* Frameworks */,
				83D76AC328FEC251000CEBE2 /* Resources */,
			);
			buildRules = (
			);
			dependencies = (
				83D76AC728FEC251000CEBE2 /* PBXTargetDependency */,
			);
			name = ToBeDoneTests;
			productName = ToBeDoneTests;
			productReference = 83D76AC528FEC251000CEBE2 /* ToBeDoneTests.xctest */;
			productType = "com.apple.product-type.bundle.unit-test";
		};
		83D76ACE28FEC251000CEBE2 /* ToBeDoneUITests */ = {
			isa = PBXNativeTarget;
			buildConfigurationList = 83D76ADF28FEC251000CEBE2 /* Build configuration list for PBXNativeTarget "ToBeDoneUITests" */;
			buildPhases = (
				83D76ACB28FEC251000CEBE2 /* Sources */,
				83D76ACC28FEC251000CEBE2 /* Frameworks */,
				83D76ACD28FEC251000CEBE2 /* Resources */,
			);
			buildRules = (
			);
			dependencies = (
				83D76AD128FEC251000CEBE2 /* PBXTargetDependency */,
			);
			name = ToBeDoneUITests;
			productName = ToBeDoneUITests;
			productReference = 83D76ACF28FEC251000CEBE2 /* ToBeDoneUITests.xctest */;
			productType = "com.apple.product-type.bundle.ui-testing";
		};
/* End PBXNativeTarget section */

/* Begin PBXProject section */
		83D76AA428FEC250000CEBE2 /* Project object */ = {
			isa = PBXProject;
			attributes = {
				BuildIndependentTargetsInParallel = 1;
				LastSwiftUpdateCheck = 1340;
				LastUpgradeCheck = 1340;
				TargetAttributes = {
					83D76AAB28FEC250000CEBE2 = {
						CreatedOnToolsVersion = 13.4.1;
					};
					83D76AC428FEC251000CEBE2 = {
						CreatedOnToolsVersion = 13.4.1;
						TestTargetID = 83D76AAB28FEC250000CEBE2;
					};
					83D76ACE28FEC251000CEBE2 = {
						CreatedOnToolsVersion = 13.4.1;
						TestTargetID = 83D76AAB28FEC250000CEBE2;
					};
				};
			};
			buildConfigurationList = 83D76AA728FEC250000CEBE2 /* Build configuration list for PBXProject "ToBeDone" */;
			compatibilityVersion = "Xcode 9.3";
			developmentRegion = en;
			hasScannedForEncodings = 0;
			knownRegions = (
				en,
				Base,
			);
			mainGroup = 83D76AA328FEC250000CEBE2;
			packageReferences = (
				831DA025295C9C7E007CDD66 /* XCRemoteSwiftPackageReference "firebase-ios-sdk" */,
			);
			productRefGroup = 83D76AAD28FEC250000CEBE2 /* Products */;
			projectDirPath = "";
			projectRoot = "";
			targets = (
				83D76AAB28FEC250000CEBE2 /* ToBeDone */,
				83D76AC428FEC251000CEBE2 /* ToBeDoneTests */,
				83D76ACE28FEC251000CEBE2 /* ToBeDoneUITests */,
			);
		};
/* End PBXProject section */

/* Begin PBXResourcesBuildPhase section */
		83D76AAA28FEC250000CEBE2 /* Resources */ = {
			isa = PBXResourcesBuildPhase;
			buildActionMask = 2147483647;
			files = (
				83C718132925398800CAC4C5 /* ListOfTasks.storyboard in Resources */,
				83D76ABF28FEC251000CEBE2 /* LaunchScreen.storyboard in Resources */,
				831DA024295C9ABD007CDD66 /* GoogleService-Info.plist in Resources */,
				838C329E293294BE0021428A /* Login.storyboard in Resources */,
				83D76ABC28FEC251000CEBE2 /* Assets.xcassets in Resources */,
				83D76AB728FEC250000CEBE2 /* Main.storyboard in Resources */,
				9AB1F39129663044009F06BC /* Edit.storyboard in Resources */,
				83EA6F6C2958801800BF30B2 /* AddTask.storyboard in Resources */,
				83F7587529101C1C000C96DD /* Register.storyboard in Resources */,
				834A6224293E79DB00DFE84F /* Settings.storyboard in Resources */,
			);
			runOnlyForDeploymentPostprocessing = 0;
		};
		83D76AC328FEC251000CEBE2 /* Resources */ = {
			isa = PBXResourcesBuildPhase;
			buildActionMask = 2147483647;
			files = (
			);
			runOnlyForDeploymentPostprocessing = 0;
		};
		83D76ACD28FEC251000CEBE2 /* Resources */ = {
			isa = PBXResourcesBuildPhase;
			buildActionMask = 2147483647;
			files = (
			);
			runOnlyForDeploymentPostprocessing = 0;
		};
/* End PBXResourcesBuildPhase section */

/* Begin PBXSourcesBuildPhase section */
		83D76AA828FEC250000CEBE2 /* Sources */ = {
			isa = PBXSourcesBuildPhase;
			buildActionMask = 2147483647;
			files = (
				83E39B78295A400C0078F50E /* NetworkManager.swift in Sources */,
				83D76AB428FEC250000CEBE2 /* ViewController.swift in Sources */,
				839FF4B3295B4A820049924F /* TaskModel.swift in Sources */,
				83CE9A63291065E100B95815 /* TextFieldWithLabelCell.swift in Sources */,
				83D76ABA28FEC250000CEBE2 /* ToBeDone.xcdatamodeld in Sources */,
				838C32A02932969B0021428A /* LoginViewController.swift in Sources */,
				83CC635B2913299C00F7CA96 /* ButtonCell.swift in Sources */,
				83C7181729253AF000CAC4C5 /* TaskCell.swift in Sources */,
				83CE13E82928D18C00408EF1 /* TasksViewController.swift in Sources */,
				834A6226293E7C1100DFE84F /* SettingsViewController.swift in Sources */,
				83C71815292539E200CAC4C5 /* Task.swift in Sources */,
				83CE9A652910684700B95815 /* RegisterViewController.swift in Sources */,
				83CE9A612910652B00B95815 /* TextFieldWithLabel.swift in Sources */,
				83D76AB028FEC250000CEBE2 /* AppDelegate.swift in Sources */,
				83EA6F6E2958813B00BF30B2 /* AddTaskViewController.swift in Sources */,
				83D76AB228FEC250000CEBE2 /* SceneDelegate.swift in Sources */,
				83E39B7A295A40400078F50E /* UserModel.swift in Sources */,
				83CC6359291327B700F7CA96 /* Button.swift in Sources */,
				8329560329328A5F00C784C5 /* UIViewControllerExtension.swift in Sources */,
				83C8234029088FA4000393B0 /* MainViewController.swift in Sources */,
				9AB1F39329663120009F06BC /* EditViewController.swift in Sources */,
			);
			runOnlyForDeploymentPostprocessing = 0;
		};
		83D76AC128FEC251000CEBE2 /* Sources */ = {
			isa = PBXSourcesBuildPhase;
			buildActionMask = 2147483647;
			files = (
				83D76ACA28FEC251000CEBE2 /* ToBeDoneTests.swift in Sources */,
			);
			runOnlyForDeploymentPostprocessing = 0;
		};
		83D76ACB28FEC251000CEBE2 /* Sources */ = {
			isa = PBXSourcesBuildPhase;
			buildActionMask = 2147483647;
			files = (
				83D76AD628FEC251000CEBE2 /* ToBeDoneUITestsLaunchTests.swift in Sources */,
				83D76AD428FEC251000CEBE2 /* ToBeDoneUITests.swift in Sources */,
			);
			runOnlyForDeploymentPostprocessing = 0;
		};
/* End PBXSourcesBuildPhase section */

/* Begin PBXTargetDependency section */
		83D76AC728FEC251000CEBE2 /* PBXTargetDependency */ = {
			isa = PBXTargetDependency;
			target = 83D76AAB28FEC250000CEBE2 /* ToBeDone */;
			targetProxy = 83D76AC628FEC251000CEBE2 /* PBXContainerItemProxy */;
		};
		83D76AD128FEC251000CEBE2 /* PBXTargetDependency */ = {
			isa = PBXTargetDependency;
			target = 83D76AAB28FEC250000CEBE2 /* ToBeDone */;
			targetProxy = 83D76AD028FEC251000CEBE2 /* PBXContainerItemProxy */;
		};
/* End PBXTargetDependency section */

/* Begin PBXVariantGroup section */
		83D76AB528FEC250000CEBE2 /* Main.storyboard */ = {
			isa = PBXVariantGroup;
			children = (
				83D76AB628FEC250000CEBE2 /* Base */,
			);
			name = Main.storyboard;
			sourceTree = "<group>";
		};
		83D76ABD28FEC251000CEBE2 /* LaunchScreen.storyboard */ = {
			isa = PBXVariantGroup;
			children = (
				83D76ABE28FEC251000CEBE2 /* Base */,
			);
			name = LaunchScreen.storyboard;
			sourceTree = "<group>";
		};
/* End PBXVariantGroup section */

/* Begin XCBuildConfiguration section */
		83D76AD728FEC251000CEBE2 /* Debug */ = {
			isa = XCBuildConfiguration;
			buildSettings = {
				ALWAYS_SEARCH_USER_PATHS = NO;
				CLANG_ANALYZER_NONNULL = YES;
				CLANG_ANALYZER_NUMBER_OBJECT_CONVERSION = YES_AGGRESSIVE;
				CLANG_CXX_LANGUAGE_STANDARD = "gnu++17";
				CLANG_ENABLE_MODULES = YES;
				CLANG_ENABLE_OBJC_ARC = YES;
				CLANG_ENABLE_OBJC_WEAK = YES;
				CLANG_WARN_BLOCK_CAPTURE_AUTORELEASING = YES;
				CLANG_WARN_BOOL_CONVERSION = YES;
				CLANG_WARN_COMMA = YES;
				CLANG_WARN_CONSTANT_CONVERSION = YES;
				CLANG_WARN_DEPRECATED_OBJC_IMPLEMENTATIONS = YES;
				CLANG_WARN_DIRECT_OBJC_ISA_USAGE = YES_ERROR;
				CLANG_WARN_DOCUMENTATION_COMMENTS = YES;
				CLANG_WARN_EMPTY_BODY = YES;
				CLANG_WARN_ENUM_CONVERSION = YES;
				CLANG_WARN_INFINITE_RECURSION = YES;
				CLANG_WARN_INT_CONVERSION = YES;
				CLANG_WARN_NON_LITERAL_NULL_CONVERSION = YES;
				CLANG_WARN_OBJC_IMPLICIT_RETAIN_SELF = YES;
				CLANG_WARN_OBJC_LITERAL_CONVERSION = YES;
				CLANG_WARN_OBJC_ROOT_CLASS = YES_ERROR;
				CLANG_WARN_QUOTED_INCLUDE_IN_FRAMEWORK_HEADER = YES;
				CLANG_WARN_RANGE_LOOP_ANALYSIS = YES;
				CLANG_WARN_STRICT_PROTOTYPES = YES;
				CLANG_WARN_SUSPICIOUS_MOVE = YES;
				CLANG_WARN_UNGUARDED_AVAILABILITY = YES_AGGRESSIVE;
				CLANG_WARN_UNREACHABLE_CODE = YES;
				CLANG_WARN__DUPLICATE_METHOD_MATCH = YES;
				COPY_PHASE_STRIP = NO;
				DEBUG_INFORMATION_FORMAT = dwarf;
				ENABLE_STRICT_OBJC_MSGSEND = YES;
				ENABLE_TESTABILITY = YES;
				GCC_C_LANGUAGE_STANDARD = gnu11;
				GCC_DYNAMIC_NO_PIC = NO;
				GCC_NO_COMMON_BLOCKS = YES;
				GCC_OPTIMIZATION_LEVEL = 0;
				GCC_PREPROCESSOR_DEFINITIONS = (
					"DEBUG=1",
					"$(inherited)",
				);
				GCC_WARN_64_TO_32_BIT_CONVERSION = YES;
				GCC_WARN_ABOUT_RETURN_TYPE = YES_ERROR;
				GCC_WARN_UNDECLARED_SELECTOR = YES;
				GCC_WARN_UNINITIALIZED_AUTOS = YES_AGGRESSIVE;
				GCC_WARN_UNUSED_FUNCTION = YES;
				GCC_WARN_UNUSED_VARIABLE = YES;
				IPHONEOS_DEPLOYMENT_TARGET = 15.5;
				MTL_ENABLE_DEBUG_INFO = INCLUDE_SOURCE;
				MTL_FAST_MATH = YES;
				ONLY_ACTIVE_ARCH = YES;
				SDKROOT = iphoneos;
				SWIFT_ACTIVE_COMPILATION_CONDITIONS = DEBUG;
				SWIFT_OPTIMIZATION_LEVEL = "-Onone";
			};
			name = Debug;
		};
		83D76AD828FEC251000CEBE2 /* Release */ = {
			isa = XCBuildConfiguration;
			buildSettings = {
				ALWAYS_SEARCH_USER_PATHS = NO;
				CLANG_ANALYZER_NONNULL = YES;
				CLANG_ANALYZER_NUMBER_OBJECT_CONVERSION = YES_AGGRESSIVE;
				CLANG_CXX_LANGUAGE_STANDARD = "gnu++17";
				CLANG_ENABLE_MODULES = YES;
				CLANG_ENABLE_OBJC_ARC = YES;
				CLANG_ENABLE_OBJC_WEAK = YES;
				CLANG_WARN_BLOCK_CAPTURE_AUTORELEASING = YES;
				CLANG_WARN_BOOL_CONVERSION = YES;
				CLANG_WARN_COMMA = YES;
				CLANG_WARN_CONSTANT_CONVERSION = YES;
				CLANG_WARN_DEPRECATED_OBJC_IMPLEMENTATIONS = YES;
				CLANG_WARN_DIRECT_OBJC_ISA_USAGE = YES_ERROR;
				CLANG_WARN_DOCUMENTATION_COMMENTS = YES;
				CLANG_WARN_EMPTY_BODY = YES;
				CLANG_WARN_ENUM_CONVERSION = YES;
				CLANG_WARN_INFINITE_RECURSION = YES;
				CLANG_WARN_INT_CONVERSION = YES;
				CLANG_WARN_NON_LITERAL_NULL_CONVERSION = YES;
				CLANG_WARN_OBJC_IMPLICIT_RETAIN_SELF = YES;
				CLANG_WARN_OBJC_LITERAL_CONVERSION = YES;
				CLANG_WARN_OBJC_ROOT_CLASS = YES_ERROR;
				CLANG_WARN_QUOTED_INCLUDE_IN_FRAMEWORK_HEADER = YES;
				CLANG_WARN_RANGE_LOOP_ANALYSIS = YES;
				CLANG_WARN_STRICT_PROTOTYPES = YES;
				CLANG_WARN_SUSPICIOUS_MOVE = YES;
				CLANG_WARN_UNGUARDED_AVAILABILITY = YES_AGGRESSIVE;
				CLANG_WARN_UNREACHABLE_CODE = YES;
				CLANG_WARN__DUPLICATE_METHOD_MATCH = YES;
				COPY_PHASE_STRIP = NO;
				DEBUG_INFORMATION_FORMAT = "dwarf-with-dsym";
				ENABLE_NS_ASSERTIONS = NO;
				ENABLE_STRICT_OBJC_MSGSEND = YES;
				GCC_C_LANGUAGE_STANDARD = gnu11;
				GCC_NO_COMMON_BLOCKS = YES;
				GCC_WARN_64_TO_32_BIT_CONVERSION = YES;
				GCC_WARN_ABOUT_RETURN_TYPE = YES_ERROR;
				GCC_WARN_UNDECLARED_SELECTOR = YES;
				GCC_WARN_UNINITIALIZED_AUTOS = YES_AGGRESSIVE;
				GCC_WARN_UNUSED_FUNCTION = YES;
				GCC_WARN_UNUSED_VARIABLE = YES;
				IPHONEOS_DEPLOYMENT_TARGET = 15.5;
				MTL_ENABLE_DEBUG_INFO = NO;
				MTL_FAST_MATH = YES;
				SDKROOT = iphoneos;
				SWIFT_COMPILATION_MODE = wholemodule;
				SWIFT_OPTIMIZATION_LEVEL = "-O";
				VALIDATE_PRODUCT = YES;
			};
			name = Release;
		};
		83D76ADA28FEC251000CEBE2 /* Debug */ = {
			isa = XCBuildConfiguration;
			buildSettings = {
				ASSETCATALOG_COMPILER_APPICON_NAME = AppIcon;
				ASSETCATALOG_COMPILER_GLOBAL_ACCENT_COLOR_NAME = AccentColor;
				CODE_SIGN_STYLE = Automatic;
				CURRENT_PROJECT_VERSION = 1;
				DEVELOPMENT_TEAM = MWA5ATM4HR;
				GENERATE_INFOPLIST_FILE = YES;
				INFOPLIST_FILE = ToBeDone/Info.plist;
				INFOPLIST_KEY_UIApplicationSupportsIndirectInputEvents = YES;
				INFOPLIST_KEY_UILaunchStoryboardName = LaunchScreen;
				INFOPLIST_KEY_UIMainStoryboardFile = Main;
				INFOPLIST_KEY_UISupportedInterfaceOrientations_iPad = "UIInterfaceOrientationPortrait UIInterfaceOrientationPortraitUpsideDown UIInterfaceOrientationLandscapeLeft UIInterfaceOrientationLandscapeRight";
				INFOPLIST_KEY_UISupportedInterfaceOrientations_iPhone = "UIInterfaceOrientationPortrait UIInterfaceOrientationLandscapeLeft UIInterfaceOrientationLandscapeRight";
				LD_RUNPATH_SEARCH_PATHS = (
					"$(inherited)",
					"@executable_path/Frameworks",
				);
				MARKETING_VERSION = 1.0;
				PRODUCT_BUNDLE_IDENTIFIER = com.alex.ToBeDone;
				PRODUCT_NAME = "$(TARGET_NAME)";
				SWIFT_EMIT_LOC_STRINGS = YES;
				SWIFT_VERSION = 5.0;
				TARGETED_DEVICE_FAMILY = "1,2";
			};
			name = Debug;
		};
		83D76ADB28FEC251000CEBE2 /* Release */ = {
			isa = XCBuildConfiguration;
			buildSettings = {
				ASSETCATALOG_COMPILER_APPICON_NAME = AppIcon;
				ASSETCATALOG_COMPILER_GLOBAL_ACCENT_COLOR_NAME = AccentColor;
				CODE_SIGN_STYLE = Automatic;
				CURRENT_PROJECT_VERSION = 1;
				DEVELOPMENT_TEAM = MWA5ATM4HR;
				GENERATE_INFOPLIST_FILE = YES;
				INFOPLIST_FILE = ToBeDone/Info.plist;
				INFOPLIST_KEY_UIApplicationSupportsIndirectInputEvents = YES;
				INFOPLIST_KEY_UILaunchStoryboardName = LaunchScreen;
				INFOPLIST_KEY_UIMainStoryboardFile = Main;
				INFOPLIST_KEY_UISupportedInterfaceOrientations_iPad = "UIInterfaceOrientationPortrait UIInterfaceOrientationPortraitUpsideDown UIInterfaceOrientationLandscapeLeft UIInterfaceOrientationLandscapeRight";
				INFOPLIST_KEY_UISupportedInterfaceOrientations_iPhone = "UIInterfaceOrientationPortrait UIInterfaceOrientationLandscapeLeft UIInterfaceOrientationLandscapeRight";
				LD_RUNPATH_SEARCH_PATHS = (
					"$(inherited)",
					"@executable_path/Frameworks",
				);
				MARKETING_VERSION = 1.0;
				PRODUCT_BUNDLE_IDENTIFIER = com.alex.ToBeDone;
				PRODUCT_NAME = "$(TARGET_NAME)";
				SWIFT_EMIT_LOC_STRINGS = YES;
				SWIFT_VERSION = 5.0;
				TARGETED_DEVICE_FAMILY = "1,2";
			};
			name = Release;
		};
		83D76ADD28FEC251000CEBE2 /* Debug */ = {
			isa = XCBuildConfiguration;
			buildSettings = {
				ALWAYS_EMBED_SWIFT_STANDARD_LIBRARIES = YES;
				BUNDLE_LOADER = "$(TEST_HOST)";
				CODE_SIGN_STYLE = Automatic;
				CURRENT_PROJECT_VERSION = 1;
				DEVELOPMENT_TEAM = MWA5ATM4HR;
				GENERATE_INFOPLIST_FILE = YES;
				IPHONEOS_DEPLOYMENT_TARGET = 15.5;
				MARKETING_VERSION = 1.0;
				PRODUCT_BUNDLE_IDENTIFIER = com.alex.ToBeDoneTests;
				PRODUCT_NAME = "$(TARGET_NAME)";
				SWIFT_EMIT_LOC_STRINGS = NO;
				SWIFT_VERSION = 5.0;
				TARGETED_DEVICE_FAMILY = "1,2";
				TEST_HOST = "$(BUILT_PRODUCTS_DIR)/ToBeDone.app/ToBeDone";
			};
			name = Debug;
		};
		83D76ADE28FEC251000CEBE2 /* Release */ = {
			isa = XCBuildConfiguration;
			buildSettings = {
				ALWAYS_EMBED_SWIFT_STANDARD_LIBRARIES = YES;
				BUNDLE_LOADER = "$(TEST_HOST)";
				CODE_SIGN_STYLE = Automatic;
				CURRENT_PROJECT_VERSION = 1;
				DEVELOPMENT_TEAM = MWA5ATM4HR;
				GENERATE_INFOPLIST_FILE = YES;
				IPHONEOS_DEPLOYMENT_TARGET = 15.5;
				MARKETING_VERSION = 1.0;
				PRODUCT_BUNDLE_IDENTIFIER = com.alex.ToBeDoneTests;
				PRODUCT_NAME = "$(TARGET_NAME)";
				SWIFT_EMIT_LOC_STRINGS = NO;
				SWIFT_VERSION = 5.0;
				TARGETED_DEVICE_FAMILY = "1,2";
				TEST_HOST = "$(BUILT_PRODUCTS_DIR)/ToBeDone.app/ToBeDone";
			};
			name = Release;
		};
		83D76AE028FEC251000CEBE2 /* Debug */ = {
			isa = XCBuildConfiguration;
			buildSettings = {
				ALWAYS_EMBED_SWIFT_STANDARD_LIBRARIES = YES;
				CODE_SIGN_STYLE = Automatic;
				CURRENT_PROJECT_VERSION = 1;
				DEVELOPMENT_TEAM = MWA5ATM4HR;
				GENERATE_INFOPLIST_FILE = YES;
				MARKETING_VERSION = 1.0;
				PRODUCT_BUNDLE_IDENTIFIER = com.alex.ToBeDoneUITests;
				PRODUCT_NAME = "$(TARGET_NAME)";
				SWIFT_EMIT_LOC_STRINGS = NO;
				SWIFT_VERSION = 5.0;
				TARGETED_DEVICE_FAMILY = "1,2";
				TEST_TARGET_NAME = ToBeDone;
			};
			name = Debug;
		};
		83D76AE128FEC251000CEBE2 /* Release */ = {
			isa = XCBuildConfiguration;
			buildSettings = {
				ALWAYS_EMBED_SWIFT_STANDARD_LIBRARIES = YES;
				CODE_SIGN_STYLE = Automatic;
				CURRENT_PROJECT_VERSION = 1;
				DEVELOPMENT_TEAM = MWA5ATM4HR;
				GENERATE_INFOPLIST_FILE = YES;
				MARKETING_VERSION = 1.0;
				PRODUCT_BUNDLE_IDENTIFIER = com.alex.ToBeDoneUITests;
				PRODUCT_NAME = "$(TARGET_NAME)";
				SWIFT_EMIT_LOC_STRINGS = NO;
				SWIFT_VERSION = 5.0;
				TARGETED_DEVICE_FAMILY = "1,2";
				TEST_TARGET_NAME = ToBeDone;
			};
			name = Release;
		};
/* End XCBuildConfiguration section */

/* Begin XCConfigurationList section */
		83D76AA728FEC250000CEBE2 /* Build configuration list for PBXProject "ToBeDone" */ = {
			isa = XCConfigurationList;
			buildConfigurations = (
				83D76AD728FEC251000CEBE2 /* Debug */,
				83D76AD828FEC251000CEBE2 /* Release */,
			);
			defaultConfigurationIsVisible = 0;
			defaultConfigurationName = Release;
		};
		83D76AD928FEC251000CEBE2 /* Build configuration list for PBXNativeTarget "ToBeDone" */ = {
			isa = XCConfigurationList;
			buildConfigurations = (
				83D76ADA28FEC251000CEBE2 /* Debug */,
				83D76ADB28FEC251000CEBE2 /* Release */,
			);
			defaultConfigurationIsVisible = 0;
			defaultConfigurationName = Release;
		};
		83D76ADC28FEC251000CEBE2 /* Build configuration list for PBXNativeTarget "ToBeDoneTests" */ = {
			isa = XCConfigurationList;
			buildConfigurations = (
				83D76ADD28FEC251000CEBE2 /* Debug */,
				83D76ADE28FEC251000CEBE2 /* Release */,
			);
			defaultConfigurationIsVisible = 0;
			defaultConfigurationName = Release;
		};
		83D76ADF28FEC251000CEBE2 /* Build configuration list for PBXNativeTarget "ToBeDoneUITests" */ = {
			isa = XCConfigurationList;
			buildConfigurations = (
				83D76AE028FEC251000CEBE2 /* Debug */,
				83D76AE128FEC251000CEBE2 /* Release */,
			);
			defaultConfigurationIsVisible = 0;
			defaultConfigurationName = Release;
		};
/* End XCConfigurationList section */

/* Begin XCRemoteSwiftPackageReference section */
		831DA025295C9C7E007CDD66 /* XCRemoteSwiftPackageReference "firebase-ios-sdk" */ = {
			isa = XCRemoteSwiftPackageReference;
			repositoryURL = "https://github.com/firebase/firebase-ios-sdk";
			requirement = {
				branch = master;
				kind = branch;
			};
		};
/* End XCRemoteSwiftPackageReference section */

/* Begin XCSwiftPackageProductDependency section */
		831DA026295C9C7E007CDD66 /* FirebaseAuth */ = {
			isa = XCSwiftPackageProductDependency;
			package = 831DA025295C9C7E007CDD66 /* XCRemoteSwiftPackageReference "firebase-ios-sdk" */;
			productName = FirebaseAuth;
		};
/* End XCSwiftPackageProductDependency section */

/* Begin XCVersionGroup section */
		83D76AB828FEC250000CEBE2 /* ToBeDone.xcdatamodeld */ = {
			isa = XCVersionGroup;
			children = (
				83D76AB928FEC250000CEBE2 /* ToBeDone.xcdatamodel */,
			);
			currentVersion = 83D76AB928FEC250000CEBE2 /* ToBeDone.xcdatamodel */;
			path = ToBeDone.xcdatamodeld;
			sourceTree = "<group>";
			versionGroupType = wrapper.xcdatamodel;
		};
/* End XCVersionGroup section */
	};
	rootObject = 83D76AA428FEC250000CEBE2 /* Project object */;
}
